// !$*UTF8*$!
{
	archiveVersion = 1;
	classes = {
	};
	objectVersion = 50;
	objects = {

/* Begin PBXBuildFile section */
		3EE697561A37D67E0070F4DA /* main.m in Sources */ = {isa = PBXBuildFile; fileRef = 3EE697551A37D67E0070F4DA /* main.m */; };
		3EE697591A37D67E0070F4DA /* AppDelegate.m in Sources */ = {isa = PBXBuildFile; fileRef = 3EE697581A37D67E0070F4DA /* AppDelegate.m */; };
		3EE6975C1A37D67E0070F4DA /* TodoListViewController.m in Sources */ = {isa = PBXBuildFile; fileRef = 3EE6975B1A37D67E0070F4DA /* TodoListViewController.m */; };
		3EE6975F1A37D67E0070F4DA /* Main.storyboard in Resources */ = {isa = PBXBuildFile; fileRef = 3EE6975D1A37D67E0070F4DA /* Main.storyboard */; };
		3EE697611A37D67E0070F4DA /* Images.xcassets in Resources */ = {isa = PBXBuildFile; fileRef = 3EE697601A37D67E0070F4DA /* Images.xcassets */; };
		3EE697641A37D67E0070F4DA /* LaunchScreen.xib in Resources */ = {isa = PBXBuildFile; fileRef = 3EE697621A37D67E0070F4DA /* LaunchScreen.xib */; };
		3EE697701A37D67E0070F4DA /* NebulaTutorial1Tests.m in Sources */ = {isa = PBXBuildFile; fileRef = 3EE6976F1A37D67E0070F4DA /* NebulaTutorial1Tests.m */; };
		3EF1D3151A37F5E40021E121 /* TodoEditViewController.m in Sources */ = {isa = PBXBuildFile; fileRef = 3EF1D3141A37F5E40021E121 /* TodoEditViewController.m */; };
		5F5F2D046DC1439F91ED7148 /* Pods_NebulaTutorial1.framework in Frameworks */ = {isa = PBXBuildFile; fileRef = CCA80D6B2798DC2D5D68EC74 /* Pods_NebulaTutorial1.framework */; };
		7E795CA1BB9B53B62EFFD705 /* Pods_NebulaTutorial1Tests.framework in Frameworks */ = {isa = PBXBuildFile; fileRef = C817122524903118658CEA52 /* Pods_NebulaTutorial1Tests.framework */; };
/* End PBXBuildFile section */

/* Begin PBXContainerItemProxy section */
		3EE6976A1A37D67E0070F4DA /* PBXContainerItemProxy */ = {
			isa = PBXContainerItemProxy;
			containerPortal = 3EE697481A37D67E0070F4DA /* Project object */;
			proxyType = 1;
			remoteGlobalIDString = 3EE6974F1A37D67E0070F4DA;
			remoteInfo = NebulaTutorial1;
		};
/* End PBXContainerItemProxy section */

/* Begin PBXFileReference section */
		3EE697501A37D67E0070F4DA /* NebulaTutorial1.app */ = {isa = PBXFileReference; explicitFileType = wrapper.application; includeInIndex = 0; path = NebulaTutorial1.app; sourceTree = BUILT_PRODUCTS_DIR; };
		3EE697541A37D67E0070F4DA /* Info.plist */ = {isa = PBXFileReference; lastKnownFileType = text.plist.xml; path = Info.plist; sourceTree = "<group>"; };
		3EE697551A37D67E0070F4DA /* main.m */ = {isa = PBXFileReference; lastKnownFileType = sourcecode.c.objc; path = main.m; sourceTree = "<group>"; };
		3EE697571A37D67E0070F4DA /* AppDelegate.h */ = {isa = PBXFileReference; lastKnownFileType = sourcecode.c.h; path = AppDelegate.h; sourceTree = "<group>"; };
		3EE697581A37D67E0070F4DA /* AppDelegate.m */ = {isa = PBXFileReference; lastKnownFileType = sourcecode.c.objc; path = AppDelegate.m; sourceTree = "<group>"; };
		3EE6975A1A37D67E0070F4DA /* TodoListViewController.h */ = {isa = PBXFileReference; lastKnownFileType = sourcecode.c.h; path = TodoListViewController.h; sourceTree = "<group>"; };
		3EE6975B1A37D67E0070F4DA /* TodoListViewController.m */ = {isa = PBXFileReference; lastKnownFileType = sourcecode.c.objc; path = TodoListViewController.m; sourceTree = "<group>"; };
		3EE6975E1A37D67E0070F4DA /* Base */ = {isa = PBXFileReference; lastKnownFileType = file.storyboard; name = Base; path = Base.lproj/Main.storyboard; sourceTree = "<group>"; };
		3EE697601A37D67E0070F4DA /* Images.xcassets */ = {isa = PBXFileReference; lastKnownFileType = folder.assetcatalog; path = Images.xcassets; sourceTree = "<group>"; };
		3EE697631A37D67E0070F4DA /* Base */ = {isa = PBXFileReference; lastKnownFileType = file.xib; name = Base; path = Base.lproj/LaunchScreen.xib; sourceTree = "<group>"; };
		3EE697691A37D67E0070F4DA /* NebulaTutorial1Tests.xctest */ = {isa = PBXFileReference; explicitFileType = wrapper.cfbundle; includeInIndex = 0; path = NebulaTutorial1Tests.xctest; sourceTree = BUILT_PRODUCTS_DIR; };
		3EE6976E1A37D67E0070F4DA /* Info.plist */ = {isa = PBXFileReference; lastKnownFileType = text.plist.xml; path = Info.plist; sourceTree = "<group>"; };
		3EE6976F1A37D67E0070F4DA /* NebulaTutorial1Tests.m */ = {isa = PBXFileReference; lastKnownFileType = sourcecode.c.objc; path = NebulaTutorial1Tests.m; sourceTree = "<group>"; };
		3EF1D3121A37DE500021E121 /* Config.h */ = {isa = PBXFileReference; lastKnownFileType = sourcecode.c.h; path = Config.h; sourceTree = "<group>"; };
		3EF1D3131A37F5E40021E121 /* TodoEditViewController.h */ = {isa = PBXFileReference; fileEncoding = 4; lastKnownFileType = sourcecode.c.h; path = TodoEditViewController.h; sourceTree = "<group>"; };
		3EF1D3141A37F5E40021E121 /* TodoEditViewController.m */ = {isa = PBXFileReference; fileEncoding = 4; lastKnownFileType = sourcecode.c.objc; path = TodoEditViewController.m; sourceTree = "<group>"; };
		5D24165D3ECFB2696521AE6F /* Pods-NebulaTutorial1Tests.debug.xcconfig */ = {isa = PBXFileReference; includeInIndex = 1; lastKnownFileType = text.xcconfig; name = "Pods-NebulaTutorial1Tests.debug.xcconfig"; path = "Pods/Target Support Files/Pods-NebulaTutorial1Tests/Pods-NebulaTutorial1Tests.debug.xcconfig"; sourceTree = "<group>"; };
		65C433FB1832440D579DCBD8 /* Pods-NebulaTutorial1.debug.xcconfig */ = {isa = PBXFileReference; includeInIndex = 1; lastKnownFileType = text.xcconfig; name = "Pods-NebulaTutorial1.debug.xcconfig"; path = "Pods/Target Support Files/Pods-NebulaTutorial1/Pods-NebulaTutorial1.debug.xcconfig"; sourceTree = "<group>"; };
		AF1CC9D9E12C872BE3BA7E11 /* Pods-NebulaTutorial1.release.xcconfig */ = {isa = PBXFileReference; includeInIndex = 1; lastKnownFileType = text.xcconfig; name = "Pods-NebulaTutorial1.release.xcconfig"; path = "Pods/Target Support Files/Pods-NebulaTutorial1/Pods-NebulaTutorial1.release.xcconfig"; sourceTree = "<group>"; };
		C817122524903118658CEA52 /* Pods_NebulaTutorial1Tests.framework */ = {isa = PBXFileReference; explicitFileType = wrapper.framework; includeInIndex = 0; path = Pods_NebulaTutorial1Tests.framework; sourceTree = BUILT_PRODUCTS_DIR; };
		CCA80D6B2798DC2D5D68EC74 /* Pods_NebulaTutorial1.framework */ = {isa = PBXFileReference; explicitFileType = wrapper.framework; includeInIndex = 0; path = Pods_NebulaTutorial1.framework; sourceTree = BUILT_PRODUCTS_DIR; };
		E5352229DFA31F073904395D /* Pods-NebulaTutorial1Tests.release.xcconfig */ = {isa = PBXFileReference; includeInIndex = 1; lastKnownFileType = text.xcconfig; name = "Pods-NebulaTutorial1Tests.release.xcconfig"; path = "Pods/Target Support Files/Pods-NebulaTutorial1Tests/Pods-NebulaTutorial1Tests.release.xcconfig"; sourceTree = "<group>"; };
/* End PBXFileReference section */

/* Begin PBXFrameworksBuildPhase section */
		3EE6974D1A37D67E0070F4DA /* Frameworks */ = {
			isa = PBXFrameworksBuildPhase;
			buildActionMask = 2147483647;
			files = (
				5F5F2D046DC1439F91ED7148 /* Pods_NebulaTutorial1.framework in Frameworks */,
			);
			runOnlyForDeploymentPostprocessing = 0;
		};
		3EE697661A37D67E0070F4DA /* Frameworks */ = {
			isa = PBXFrameworksBuildPhase;
			buildActionMask = 2147483647;
			files = (
				7E795CA1BB9B53B62EFFD705 /* Pods_NebulaTutorial1Tests.framework in Frameworks */,
			);
			runOnlyForDeploymentPostprocessing = 0;
		};
/* End PBXFrameworksBuildPhase section */

/* Begin PBXGroup section */
		3E646D7A1A37D70500A5BD0C /* Frameworks */ = {
			isa = PBXGroup;
			children = (
				CCA80D6B2798DC2D5D68EC74 /* Pods_NebulaTutorial1.framework */,
				C817122524903118658CEA52 /* Pods_NebulaTutorial1Tests.framework */,
			);
			path = Frameworks;
			sourceTree = "<group>";
		};
		3EE697471A37D67E0070F4DA = {
			isa = PBXGroup;
			children = (
				3EE697521A37D67E0070F4DA /* NebulaTutorial1 */,
				3EE6976C1A37D67E0070F4DA /* NebulaTutorial1Tests */,
				3E646D7A1A37D70500A5BD0C /* Frameworks */,
				3EE697511A37D67E0070F4DA /* Products */,
				B55EAC3A5D50A9B369E48E33 /* Pods */,
			);
			sourceTree = "<group>";
		};
		3EE697511A37D67E0070F4DA /* Products */ = {
			isa = PBXGroup;
			children = (
				3EE697501A37D67E0070F4DA /* NebulaTutorial1.app */,
				3EE697691A37D67E0070F4DA /* NebulaTutorial1Tests.xctest */,
			);
			name = Products;
			sourceTree = "<group>";
		};
		3EE697521A37D67E0070F4DA /* NebulaTutorial1 */ = {
			isa = PBXGroup;
			children = (
				3EE697571A37D67E0070F4DA /* AppDelegate.h */,
				3EE697581A37D67E0070F4DA /* AppDelegate.m */,
				3EE6975A1A37D67E0070F4DA /* TodoListViewController.h */,
				3EE6975B1A37D67E0070F4DA /* TodoListViewController.m */,
				3EF1D3131A37F5E40021E121 /* TodoEditViewController.h */,
				3EF1D3141A37F5E40021E121 /* TodoEditViewController.m */,
				3EE6975D1A37D67E0070F4DA /* Main.storyboard */,
				3EE697601A37D67E0070F4DA /* Images.xcassets */,
				3EE697621A37D67E0070F4DA /* LaunchScreen.xib */,
				3EE697531A37D67E0070F4DA /* Supporting Files */,
				3EF1D3121A37DE500021E121 /* Config.h */,
			);
			path = NebulaTutorial1;
			sourceTree = "<group>";
		};
		3EE697531A37D67E0070F4DA /* Supporting Files */ = {
			isa = PBXGroup;
			children = (
				3EE697541A37D67E0070F4DA /* Info.plist */,
				3EE697551A37D67E0070F4DA /* main.m */,
			);
			name = "Supporting Files";
			sourceTree = "<group>";
		};
		3EE6976C1A37D67E0070F4DA /* NebulaTutorial1Tests */ = {
			isa = PBXGroup;
			children = (
				3EE6976F1A37D67E0070F4DA /* NebulaTutorial1Tests.m */,
				3EE6976D1A37D67E0070F4DA /* Supporting Files */,
			);
			path = NebulaTutorial1Tests;
			sourceTree = "<group>";
		};
		3EE6976D1A37D67E0070F4DA /* Supporting Files */ = {
			isa = PBXGroup;
			children = (
				3EE6976E1A37D67E0070F4DA /* Info.plist */,
			);
			name = "Supporting Files";
			sourceTree = "<group>";
		};
		B55EAC3A5D50A9B369E48E33 /* Pods */ = {
			isa = PBXGroup;
			children = (
				65C433FB1832440D579DCBD8 /* Pods-NebulaTutorial1.debug.xcconfig */,
				AF1CC9D9E12C872BE3BA7E11 /* Pods-NebulaTutorial1.release.xcconfig */,
				5D24165D3ECFB2696521AE6F /* Pods-NebulaTutorial1Tests.debug.xcconfig */,
				E5352229DFA31F073904395D /* Pods-NebulaTutorial1Tests.release.xcconfig */,
			);
			name = Pods;
			sourceTree = "<group>";
		};
/* End PBXGroup section */

/* Begin PBXNativeTarget section */
		3EE6974F1A37D67E0070F4DA /* NebulaTutorial1 */ = {
			isa = PBXNativeTarget;
			buildConfigurationList = 3EE697731A37D67E0070F4DA /* Build configuration list for PBXNativeTarget "NebulaTutorial1" */;
			buildPhases = (
				91A36565D444F560A4E0C061 /* [CP] Check Pods Manifest.lock */,
				3EE6974C1A37D67E0070F4DA /* Sources */,
				3EE6974D1A37D67E0070F4DA /* Frameworks */,
				3EE6974E1A37D67E0070F4DA /* Resources */,
				74041C5230C181666C278170 /* [CP] Embed Pods Frameworks */,
			);
			buildRules = (
			);
			dependencies = (
			);
			name = NebulaTutorial1;
			productName = NebulaTutorial1;
			productReference = 3EE697501A37D67E0070F4DA /* NebulaTutorial1.app */;
			productType = "com.apple.product-type.application";
		};
		3EE697681A37D67E0070F4DA /* NebulaTutorial1Tests */ = {
			isa = PBXNativeTarget;
			buildConfigurationList = 3EE697761A37D67E0070F4DA /* Build configuration list for PBXNativeTarget "NebulaTutorial1Tests" */;
			buildPhases = (
				F8B95E66A651CFB629D9924A /* [CP] Check Pods Manifest.lock */,
				3EE697651A37D67E0070F4DA /* Sources */,
				3EE697661A37D67E0070F4DA /* Frameworks */,
				3EE697671A37D67E0070F4DA /* Resources */,
			);
			buildRules = (
			);
			dependencies = (
				3EE6976B1A37D67E0070F4DA /* PBXTargetDependency */,
			);
			name = NebulaTutorial1Tests;
			productName = NebulaTutorial1Tests;
			productReference = 3EE697691A37D67E0070F4DA /* NebulaTutorial1Tests.xctest */;
			productType = "com.apple.product-type.bundle.unit-test";
		};
/* End PBXNativeTarget section */

/* Begin PBXProject section */
		3EE697481A37D67E0070F4DA /* Project object */ = {
			isa = PBXProject;
			attributes = {
				LastUpgradeCheck = 0940;
				ORGANIZATIONNAME = "NEC Corporation";
				TargetAttributes = {
					3EE6974F1A37D67E0070F4DA = {
						CreatedOnToolsVersion = 6.1.1;
						DevelopmentTeam = XH7L8MC2V9;
					};
					3EE697681A37D67E0070F4DA = {
						CreatedOnToolsVersion = 6.1.1;
						TestTargetID = 3EE6974F1A37D67E0070F4DA;
					};
				};
			};
			buildConfigurationList = 3EE6974B1A37D67E0070F4DA /* Build configuration list for PBXProject "NebulaTutorial1" */;
			compatibilityVersion = "Xcode 9.3";
			developmentRegion = English;
			hasScannedForEncodings = 0;
			knownRegions = (
				en,
				Base,
			);
			mainGroup = 3EE697471A37D67E0070F4DA;
			productRefGroup = 3EE697511A37D67E0070F4DA /* Products */;
			projectDirPath = "";
			projectRoot = "";
			targets = (
				3EE6974F1A37D67E0070F4DA /* NebulaTutorial1 */,
				3EE697681A37D67E0070F4DA /* NebulaTutorial1Tests */,
			);
		};
/* End PBXProject section */

/* Begin PBXResourcesBuildPhase section */
		3EE6974E1A37D67E0070F4DA /* Resources */ = {
			isa = PBXResourcesBuildPhase;
			buildActionMask = 2147483647;
			files = (
				3EE6975F1A37D67E0070F4DA /* Main.storyboard in Resources */,
				3EE697641A37D67E0070F4DA /* LaunchScreen.xib in Resources */,
				3EE697611A37D67E0070F4DA /* Images.xcassets in Resources */,
			);
			runOnlyForDeploymentPostprocessing = 0;
		};
		3EE697671A37D67E0070F4DA /* Resources */ = {
			isa = PBXResourcesBuildPhase;
			buildActionMask = 2147483647;
			files = (
			);
			runOnlyForDeploymentPostprocessing = 0;
		};
/* End PBXResourcesBuildPhase section */

/* Begin PBXShellScriptBuildPhase section */
		74041C5230C181666C278170 /* [CP] Embed Pods Frameworks */ = {
			isa = PBXShellScriptBuildPhase;
			buildActionMask = 2147483647;
			files = (
			);
			inputPaths = (
				"${SRCROOT}/Pods/Target Support Files/Pods-NebulaTutorial1/Pods-NebulaTutorial1-frameworks.sh",
				"${BUILT_PRODUCTS_DIR}/NecBaas/NecBaas.framework",
			);
			name = "[CP] Embed Pods Frameworks";
			outputPaths = (
				"${TARGET_BUILD_DIR}/${FRAMEWORKS_FOLDER_PATH}/NecBaas.framework",
			);
			runOnlyForDeploymentPostprocessing = 0;
			shellPath = /bin/sh;
			shellScript = "\"${SRCROOT}/Pods/Target Support Files/Pods-NebulaTutorial1/Pods-NebulaTutorial1-frameworks.sh\"\n";
			showEnvVarsInLog = 0;
		};
		91A36565D444F560A4E0C061 /* [CP] Check Pods Manifest.lock */ = {
			isa = PBXShellScriptBuildPhase;
			buildActionMask = 2147483647;
			files = (
			);
			inputPaths = (
				"${PODS_PODFILE_DIR_PATH}/Podfile.lock",
				"${PODS_ROOT}/Manifest.lock",
			);
			name = "[CP] Check Pods Manifest.lock";
			outputPaths = (
				"$(DERIVED_FILE_DIR)/Pods-NebulaTutorial1-checkManifestLockResult.txt",
			);
			runOnlyForDeploymentPostprocessing = 0;
			shellPath = /bin/sh;
			shellScript = "diff \"${PODS_PODFILE_DIR_PATH}/Podfile.lock\" \"${PODS_ROOT}/Manifest.lock\" > /dev/null\nif [ $? != 0 ] ; then\n    # print error to STDERR\n    echo \"error: The sandbox is not in sync with the Podfile.lock. Run 'pod install' or update your CocoaPods installation.\" >&2\n    exit 1\nfi\n# This output is used by Xcode 'outputs' to avoid re-running this script phase.\necho \"SUCCESS\" > \"${SCRIPT_OUTPUT_FILE_0}\"\n";
			showEnvVarsInLog = 0;
		};
		F8B95E66A651CFB629D9924A /* [CP] Check Pods Manifest.lock */ = {
			isa = PBXShellScriptBuildPhase;
			buildActionMask = 2147483647;
			files = (
			);
			inputPaths = (
				"${PODS_PODFILE_DIR_PATH}/Podfile.lock",
				"${PODS_ROOT}/Manifest.lock",
			);
			name = "[CP] Check Pods Manifest.lock";
			outputPaths = (
				"$(DERIVED_FILE_DIR)/Pods-NebulaTutorial1Tests-checkManifestLockResult.txt",
			);
			runOnlyForDeploymentPostprocessing = 0;
			shellPath = /bin/sh;
			shellScript = "diff \"${PODS_PODFILE_DIR_PATH}/Podfile.lock\" \"${PODS_ROOT}/Manifest.lock\" > /dev/null\nif [ $? != 0 ] ; then\n    # print error to STDERR\n    echo \"error: The sandbox is not in sync with the Podfile.lock. Run 'pod install' or update your CocoaPods installation.\" >&2\n    exit 1\nfi\n# This output is used by Xcode 'outputs' to avoid re-running this script phase.\necho \"SUCCESS\" > \"${SCRIPT_OUTPUT_FILE_0}\"\n";
			showEnvVarsInLog = 0;
		};
/* End PBXShellScriptBuildPhase section */

/* Begin PBXSourcesBuildPhase section */
		3EE6974C1A37D67E0070F4DA /* Sources */ = {
			isa = PBXSourcesBuildPhase;
			buildActionMask = 2147483647;
			files = (
				3EE6975C1A37D67E0070F4DA /* TodoListViewController.m in Sources */,
				3EE697591A37D67E0070F4DA /* AppDelegate.m in Sources */,
				3EF1D3151A37F5E40021E121 /* TodoEditViewController.m in Sources */,
				3EE697561A37D67E0070F4DA /* main.m in Sources */,
			);
			runOnlyForDeploymentPostprocessing = 0;
		};
		3EE697651A37D67E0070F4DA /* Sources */ = {
			isa = PBXSourcesBuildPhase;
			buildActionMask = 2147483647;
			files = (
				3EE697701A37D67E0070F4DA /* NebulaTutorial1Tests.m in Sources */,
			);
			runOnlyForDeploymentPostprocessing = 0;
		};
/* End PBXSourcesBuildPhase section */

/* Begin PBXTargetDependency section */
		3EE6976B1A37D67E0070F4DA /* PBXTargetDependency */ = {
			isa = PBXTargetDependency;
			target = 3EE6974F1A37D67E0070F4DA /* NebulaTutorial1 */;
			targetProxy = 3EE6976A1A37D67E0070F4DA /* PBXContainerItemProxy */;
		};
/* End PBXTargetDependency section */

/* Begin PBXVariantGroup section */
		3EE6975D1A37D67E0070F4DA /* Main.storyboard */ = {
			isa = PBXVariantGroup;
			children = (
				3EE6975E1A37D67E0070F4DA /* Base */,
			);
			name = Main.storyboard;
			sourceTree = "<group>";
		};
		3EE697621A37D67E0070F4DA /* LaunchScreen.xib */ = {
			isa = PBXVariantGroup;
			children = (
				3EE697631A37D67E0070F4DA /* Base */,
			);
			name = LaunchScreen.xib;
			sourceTree = "<group>";
		};
/* End PBXVariantGroup section */

/* Begin XCBuildConfiguration section */
		3EE697711A37D67E0070F4DA /* Debug */ = {
			isa = XCBuildConfiguration;
			buildSettings = {
				ALWAYS_SEARCH_USER_PATHS = NO;
				CLANG_CXX_LANGUAGE_STANDARD = "gnu++0x";
				CLANG_CXX_LIBRARY = "libc++";
				CLANG_ENABLE_MODULES = YES;
				CLANG_ENABLE_OBJC_ARC = YES;
				CLANG_WARN_BLOCK_CAPTURE_AUTORELEASING = YES;
				CLANG_WARN_BOOL_CONVERSION = YES;
				CLANG_WARN_COMMA = YES;
				CLANG_WARN_CONSTANT_CONVERSION = YES;
				CLANG_WARN_DEPRECATED_OBJC_IMPLEMENTATIONS = YES;
				CLANG_WARN_DIRECT_OBJC_ISA_USAGE = YES_ERROR;
				CLANG_WARN_EMPTY_BODY = YES;
				CLANG_WARN_ENUM_CONVERSION = YES;
				CLANG_WARN_INFINITE_RECURSION = YES;
				CLANG_WARN_INT_CONVERSION = YES;
				CLANG_WARN_NON_LITERAL_NULL_CONVERSION = YES;
				CLANG_WARN_OBJC_IMPLICIT_RETAIN_SELF = YES;
				CLANG_WARN_OBJC_LITERAL_CONVERSION = YES;
				CLANG_WARN_OBJC_ROOT_CLASS = YES_ERROR;
				CLANG_WARN_RANGE_LOOP_ANALYSIS = YES;
				CLANG_WARN_STRICT_PROTOTYPES = YES;
				CLANG_WARN_SUSPICIOUS_MOVE = YES;
				CLANG_WARN_UNREACHABLE_CODE = YES;
				CLANG_WARN__DUPLICATE_METHOD_MATCH = YES;
				"CODE_SIGN_IDENTITY[sdk=iphoneos*]" = "iPhone Developer";
				COPY_PHASE_STRIP = NO;
				ENABLE_STRICT_OBJC_MSGSEND = YES;
				ENABLE_TESTABILITY = YES;
				GCC_C_LANGUAGE_STANDARD = gnu99;
				GCC_DYNAMIC_NO_PIC = NO;
				GCC_NO_COMMON_BLOCKS = YES;
				GCC_OPTIMIZATION_LEVEL = 0;
				GCC_PREPROCESSOR_DEFINITIONS = (
					"DEBUG=1",
					"$(inherited)",
				);
				GCC_SYMBOLS_PRIVATE_EXTERN = NO;
				GCC_WARN_64_TO_32_BIT_CONVERSION = YES;
				GCC_WARN_ABOUT_RETURN_TYPE = YES_ERROR;
				GCC_WARN_UNDECLARED_SELECTOR = YES;
				GCC_WARN_UNINITIALIZED_AUTOS = YES_AGGRESSIVE;
				GCC_WARN_UNUSED_FUNCTION = YES;
				GCC_WARN_UNUSED_VARIABLE = YES;
				IPHONEOS_DEPLOYMENT_TARGET = 8.1;
				MTL_ENABLE_DEBUG_INFO = YES;
				ONLY_ACTIVE_ARCH = YES;
				SDKROOT = iphoneos;
				TARGETED_DEVICE_FAMILY = "1,2";
			};
			name = Debug;
		};
		3EE697721A37D67E0070F4DA /* Release */ = {
			isa = XCBuildConfiguration;
			buildSettings = {
				ALWAYS_SEARCH_USER_PATHS = NO;
				CLANG_CXX_LANGUAGE_STANDARD = "gnu++0x";
				CLANG_CXX_LIBRARY = "libc++";
				CLANG_ENABLE_MODULES = YES;
				CLANG_ENABLE_OBJC_ARC = YES;
				CLANG_WARN_BLOCK_CAPTURE_AUTORELEASING = YES;
				CLANG_WARN_BOOL_CONVERSION = YES;
				CLANG_WARN_COMMA = YES;
				CLANG_WARN_CONSTANT_CONVERSION = YES;
				CLANG_WARN_DEPRECATED_OBJC_IMPLEMENTATIONS = YES;
				CLANG_WARN_DIRECT_OBJC_ISA_USAGE = YES_ERROR;
				CLANG_WARN_EMPTY_BODY = YES;
				CLANG_WARN_ENUM_CONVERSION = YES;
				CLANG_WARN_INFINITE_RECURSION = YES;
				CLANG_WARN_INT_CONVERSION = YES;
				CLANG_WARN_NON_LITERAL_NULL_CONVERSION = YES;
				CLANG_WARN_OBJC_IMPLICIT_RETAIN_SELF = YES;
				CLANG_WARN_OBJC_LITERAL_CONVERSION = YES;
				CLANG_WARN_OBJC_ROOT_CLASS = YES_ERROR;
				CLANG_WARN_RANGE_LOOP_ANALYSIS = YES;
				CLANG_WARN_STRICT_PROTOTYPES = YES;
				CLANG_WARN_SUSPICIOUS_MOVE = YES;
				CLANG_WARN_UNREACHABLE_CODE = YES;
				CLANG_WARN__DUPLICATE_METHOD_MATCH = YES;
				"CODE_SIGN_IDENTITY[sdk=iphoneos*]" = "iPhone Developer";
				COPY_PHASE_STRIP = YES;
				ENABLE_NS_ASSERTIONS = NO;
				ENABLE_STRICT_OBJC_MSGSEND = YES;
				GCC_C_LANGUAGE_STANDARD = gnu99;
				GCC_NO_COMMON_BLOCKS = YES;
				GCC_WARN_64_TO_32_BIT_CONVERSION = YES;
				GCC_WARN_ABOUT_RETURN_TYPE = YES_ERROR;
				GCC_WARN_UNDECLARED_SELECTOR = YES;
				GCC_WARN_UNINITIALIZED_AUTOS = YES_AGGRESSIVE;
				GCC_WARN_UNUSED_FUNCTION = YES;
				GCC_WARN_UNUSED_VARIABLE = YES;
				IPHONEOS_DEPLOYMENT_TARGET = 8.1;
				MTL_ENABLE_DEBUG_INFO = NO;
				SDKROOT = iphoneos;
				TARGETED_DEVICE_FAMILY = "1,2";
				VALIDATE_PRODUCT = YES;
			};
			name = Release;
		};
		3EE697741A37D67E0070F4DA /* Debug */ = {
			isa = XCBuildConfiguration;
			baseConfigurationReference = 65C433FB1832440D579DCBD8 /* Pods-NebulaTutorial1.debug.xcconfig */;
			buildSettings = {
				ASSETCATALOG_COMPILER_APPICON_NAME = AppIcon;
				ASSETCATALOG_COMPILER_LAUNCHIMAGE_NAME = LaunchImage;
				CODE_SIGN_IDENTITY = "iPhone Developer";
				"CODE_SIGN_IDENTITY[sdk=iphoneos*]" = "iPhone Developer";
				FRAMEWORK_SEARCH_PATHS = "$(inherited)";
				INFOPLIST_FILE = NebulaTutorial1/Info.plist;
				PRODUCT_BUNDLE_IDENTIFIER = "com.nec.ios.nebula.$(PRODUCT_NAME:rfc1034identifier)";
				PRODUCT_NAME = "$(TARGET_NAME)";
				PROVISIONING_PROFILE = "";
			};
			name = Debug;
		};
		3EE697751A37D67E0070F4DA /* Release */ = {
			isa = XCBuildConfiguration;
			baseConfigurationReference = AF1CC9D9E12C872BE3BA7E11 /* Pods-NebulaTutorial1.release.xcconfig */;
			buildSettings = {
				ASSETCATALOG_COMPILER_APPICON_NAME = AppIcon;
				ASSETCATALOG_COMPILER_LAUNCHIMAGE_NAME = LaunchImage;
				CODE_SIGN_IDENTITY = "iPhone Developer";
				"CODE_SIGN_IDENTITY[sdk=iphoneos*]" = "iPhone Developer";
				FRAMEWORK_SEARCH_PATHS = "$(inherited)";
				INFOPLIST_FILE = NebulaTutorial1/Info.plist;
				PRODUCT_BUNDLE_IDENTIFIER = "com.nec.ios.nebula.$(PRODUCT_NAME:rfc1034identifier)";
				PRODUCT_NAME = "$(TARGET_NAME)";
				PROVISIONING_PROFILE = "";
			};
			name = Release;
		};
		3EE697771A37D67E0070F4DA /* Debug */ = {
			isa = XCBuildConfiguration;
			baseConfigurationReference = 5D24165D3ECFB2696521AE6F /* Pods-NebulaTutorial1Tests.debug.xcconfig */;
			buildSettings = {
				BUNDLE_LOADER = "$(TEST_HOST)";
				"CODE_SIGN_IDENTITY[sdk=iphoneos*]" = "iPhone Developer";
				FRAMEWORK_SEARCH_PATHS = (
					"$(SDKROOT)/Developer/Library/Frameworks",
					"$(inherited)",
				);
				GCC_PREPROCESSOR_DEFINITIONS = (
					"DEBUG=1",
					"$(inherited)",
				);
				INFOPLIST_FILE = NebulaTutorial1Tests/Info.plist;
				PRODUCT_BUNDLE_IDENTIFIER = com.nec.ios.nebula;
				PRODUCT_NAME = "$(TARGET_NAME)";
				TEST_HOST = "$(BUILT_PRODUCTS_DIR)/NebulaTutorial1.app/NebulaTutorial1";
			};
			name = Debug;
		};
		3EE697781A37D67E0070F4DA /* Release */ = {
			isa = XCBuildConfiguration;
			baseConfigurationReference = E5352229DFA31F073904395D /* Pods-NebulaTutorial1Tests.release.xcconfig */;
			buildSettings = {
				BUNDLE_LOADER = "$(TEST_HOST)";
				"CODE_SIGN_IDENTITY[sdk=iphoneos*]" = "iPhone Developer";
				FRAMEWORK_SEARCH_PATHS = (
					"$(SDKROOT)/Developer/Library/Frameworks",
					"$(inherited)",
				);
				INFOPLIST_FILE = NebulaTutorial1Tests/Info.plist;
				PRODUCT_BUNDLE_IDENTIFIER = com.nec.ios.nebula;
				PRODUCT_NAME = "$(TARGET_NAME)";
				TEST_HOST = "$(BUILT_PRODUCTS_DIR)/NebulaTutorial1.app/NebulaTutorial1";
			};
			name = Release;
		};
/* End XCBuildConfiguration section */

/* Begin XCConfigurationList section */
		3EE6974B1A37D67E0070F4DA /* Build configuration list for PBXProject "NebulaTutorial1" */ = {
			isa = XCConfigurationList;
			buildConfigurations = (
				3EE697711A37D67E0070F4DA /* Debug */,
				3EE697721A37D67E0070F4DA /* Release */,
			);
			defaultConfigurationIsVisible = 0;
			defaultConfigurationName = Release;
		};
		3EE697731A37D67E0070F4DA /* Build configuration list for PBXNativeTarget "NebulaTutorial1" */ = {
			isa = XCConfigurationList;
			buildConfigurations = (
				3EE697741A37D67E0070F4DA /* Debug */,
				3EE697751A37D67E0070F4DA /* Release */,
			);
			defaultConfigurationIsVisible = 0;
			defaultConfigurationName = Release;
		};
		3EE697761A37D67E0070F4DA /* Build configuration list for PBXNativeTarget "NebulaTutorial1Tests" */ = {
			isa = XCConfigurationList;
			buildConfigurations = (
				3EE697771A37D67E0070F4DA /* Debug */,
				3EE697781A37D67E0070F4DA /* Release */,
			);
			defaultConfigurationIsVisible = 0;
			defaultConfigurationName = Release;
		};
/* End XCConfigurationList section */
	};
	rootObject = 3EE697481A37D67E0070F4DA /* Project object */;
}
